// !$*UTF8*$!
{
	archiveVersion = 1;
	classes = {
	};
	objectVersion = 46;
	objects = {

/* Begin PBXBuildFile section */
		2512D31C1701D7EF00EDB19D /* case_terrain_combat.c in Sources */ = {isa = PBXBuildFile; fileRef = 2512D3081701D7EF00EDB19D /* case_terrain_combat.c */; };
		2512D31D1701D7EF00EDB19D /* case_terrain_espace.c in Sources */ = {isa = PBXBuildFile; fileRef = 2512D30A1701D7EF00EDB19D /* case_terrain_espace.c */; };
		2512D31E1701D7EF00EDB19D /* flotte.c in Sources */ = {isa = PBXBuildFile; fileRef = 2512D30C1701D7EF00EDB19D /* flotte.c */; };
		2512D31F1701D7EF00EDB19D /* main.c in Sources */ = {isa = PBXBuildFile; fileRef = 2512D30E1701D7EF00EDB19D /* main.c */; };
		2512D3201701D7EF00EDB19D /* makefile in Sources */ = {isa = PBXBuildFile; fileRef = 2512D30F1701D7EF00EDB19D /* makefile */; };
		2512D3211701D7EF00EDB19D /* niveau.c in Sources */ = {isa = PBXBuildFile; fileRef = 2512D3101701D7EF00EDB19D /* niveau.c */; };
		2512D3221701D7EF00EDB19D /* planete.c in Sources */ = {isa = PBXBuildFile; fileRef = 2512D3121701D7EF00EDB19D /* planete.c */; };
		2512D3231701D7EF00EDB19D /* sauvegarde.c in Sources */ = {isa = PBXBuildFile; fileRef = 2512D3141701D7EF00EDB19D /* sauvegarde.c */; };
		2512D3241701D7EF00EDB19D /* terrain_combat.c in Sources */ = {isa = PBXBuildFile; fileRef = 2512D3161701D7EF00EDB19D /* terrain_combat.c */; };
		2512D3251701D7EF00EDB19D /* terrain_espace.c in Sources */ = {isa = PBXBuildFile; fileRef = 2512D3181701D7EF00EDB19D /* terrain_espace.c */; };
		2512D3261701D7EF00EDB19D /* unite.c in Sources */ = {isa = PBXBuildFile; fileRef = 2512D31A1701D7EF00EDB19D /* unite.c */; };
/* End PBXBuildFile section */

/* Begin PBXCopyFilesBuildPhase section */
		25C5CDCD1701D5B000AA780C /* CopyFiles */ = {
			isa = PBXCopyFilesBuildPhase;
			buildActionMask = 2147483647;
			dstPath = /usr/share/man/man1/;
			dstSubfolderSpec = 0;
			files = (
			);
			runOnlyForDeploymentPostprocessing = 1;
		};
/* End PBXCopyFilesBuildPhase section */

/* Begin PBXFileReference section */
		2512D3031701D7EF00EDB19D /* main */ = {isa = PBXFileReference; lastKnownFileType = file; path = main; sourceTree = "<group>"; };
		2512D3071701D7EF00EDB19D /* affichage.h */ = {isa = PBXFileReference; fileEncoding = 4; lastKnownFileType = sourcecode.c.h; path = affichage.h; sourceTree = "<group>"; };
		2512D3081701D7EF00EDB19D /* case_terrain_combat.c */ = {isa = PBXFileReference; fileEncoding = 4; lastKnownFileType = sourcecode.c.c; path = case_terrain_combat.c; sourceTree = "<group>"; };
		2512D3091701D7EF00EDB19D /* case_terrain_combat.h */ = {isa = PBXFileReference; fileEncoding = 4; lastKnownFileType = sourcecode.c.h; path = case_terrain_combat.h; sourceTree = "<group>"; };
		2512D30A1701D7EF00EDB19D /* case_terrain_espace.c */ = {isa = PBXFileReference; fileEncoding = 4; lastKnownFileType = sourcecode.c.c; path = case_terrain_espace.c; sourceTree = "<group>"; };
		2512D30B1701D7EF00EDB19D /* case_terrain_espace.h */ = {isa = PBXFileReference; fileEncoding = 4; lastKnownFileType = sourcecode.c.h; path = case_terrain_espace.h; sourceTree = "<group>"; };
		2512D30C1701D7EF00EDB19D /* flotte.c */ = {isa = PBXFileReference; fileEncoding = 4; lastKnownFileType = sourcecode.c.c; path = flotte.c; sourceTree = "<group>"; };
		2512D30D1701D7EF00EDB19D /* flotte.h */ = {isa = PBXFileReference; fileEncoding = 4; lastKnownFileType = sourcecode.c.h; path = flotte.h; sourceTree = "<group>"; };
		2512D30E1701D7EF00EDB19D /* main.c */ = {isa = PBXFileReference; fileEncoding = 4; lastKnownFileType = sourcecode.c.c; path = main.c; sourceTree = "<group>"; };
		2512D30F1701D7EF00EDB19D /* makefile */ = {isa = PBXFileReference; fileEncoding = 4; lastKnownFileType = sourcecode.make; path = makefile; sourceTree = "<group>"; };
		2512D3101701D7EF00EDB19D /* niveau.c */ = {isa = PBXFileReference; fileEncoding = 4; lastKnownFileType = sourcecode.c.c; path = niveau.c; sourceTree = "<group>"; };
		2512D3111701D7EF00EDB19D /* niveau.h */ = {isa = PBXFileReference; fileEncoding = 4; lastKnownFileType = sourcecode.c.h; path = niveau.h; sourceTree = "<group>"; };
		2512D3121701D7EF00EDB19D /* planete.c */ = {isa = PBXFileReference; fileEncoding = 4; lastKnownFileType = sourcecode.c.c; path = planete.c; sourceTree = "<group>"; };
		2512D3131701D7EF00EDB19D /* planete.h */ = {isa = PBXFileReference; fileEncoding = 4; lastKnownFileType = sourcecode.c.h; path = planete.h; sourceTree = "<group>"; };
		2512D3141701D7EF00EDB19D /* sauvegarde.c */ = {isa = PBXFileReference; fileEncoding = 4; lastKnownFileType = sourcecode.c.c; path = sauvegarde.c; sourceTree = "<group>"; };
		2512D3151701D7EF00EDB19D /* sauvegarde.h */ = {isa = PBXFileReference; fileEncoding = 4; lastKnownFileType = sourcecode.c.h; path = sauvegarde.h; sourceTree = "<group>"; };
		2512D3161701D7EF00EDB19D /* terrain_combat.c */ = {isa = PBXFileReference; fileEncoding = 4; lastKnownFileType = sourcecode.c.c; path = terrain_combat.c; sourceTree = "<group>"; };
		2512D3171701D7EF00EDB19D /* terrain_combat.h */ = {isa = PBXFileReference; fileEncoding = 4; lastKnownFileType = sourcecode.c.h; path = terrain_combat.h; sourceTree = "<group>"; };
		2512D3181701D7EF00EDB19D /* terrain_espace.c */ = {isa = PBXFileReference; fileEncoding = 4; lastKnownFileType = sourcecode.c.c; path = terrain_espace.c; sourceTree = "<group>"; };
		2512D3191701D7EF00EDB19D /* terrain_espace.h */ = {isa = PBXFileReference; fileEncoding = 4; lastKnownFileType = sourcecode.c.h; path = terrain_espace.h; sourceTree = "<group>"; };
		2512D31A1701D7EF00EDB19D /* unite.c */ = {isa = PBXFileReference; fileEncoding = 4; lastKnownFileType = sourcecode.c.c; path = unite.c; sourceTree = "<group>"; };
		2512D31B1701D7EF00EDB19D /* unite.h */ = {isa = PBXFileReference; fileEncoding = 4; lastKnownFileType = sourcecode.c.h; path = unite.h; sourceTree = "<group>"; };
		25C5CDCF1701D5B000AA780C /* LIF7 */ = {isa = PBXFileReference; explicitFileType = "compiled.mach-o.executable"; includeInIndex = 0; path = LIF7; sourceTree = BUILT_PRODUCTS_DIR; };
		25F6B3E91701E01B002A8072 /* 1.png */ = {isa = PBXFileReference; lastKnownFileType = image.png; path = 1.png; sourceTree = "<group>"; };
		25F6B3EA1701E01B002A8072 /* 2.png */ = {isa = PBXFileReference; lastKnownFileType = image.png; path = 2.png; sourceTree = "<group>"; };
		25F6B3EB1701E01B002A8072 /* 3.png */ = {isa = PBXFileReference; lastKnownFileType = image.png; path = 3.png; sourceTree = "<group>"; };
		25F6B3EC1701E01B002A8072 /* vaisseau bleu.png */ = {isa = PBXFileReference; lastKnownFileType = image.png; path = "vaisseau bleu.png"; sourceTree = "<group>"; };
		25F6B3ED1701E01B002A8072 /* vaisseau rouge.png */ = {isa = PBXFileReference; lastKnownFileType = image.png; path = "vaisseau rouge.png"; sourceTree = "<group>"; };
		25F6B3EE1701E01B002A8072 /* vaisseau vert.png */ = {isa = PBXFileReference; lastKnownFileType = image.png; path = "vaisseau vert.png"; sourceTree = "<group>"; };
/* End PBXFileReference section */

/* Begin PBXFrameworksBuildPhase section */
		25C5CDCC1701D5B000AA780C /* Frameworks */ = {
			isa = PBXFrameworksBuildPhase;
			buildActionMask = 2147483647;
			files = (
			);
			runOnlyForDeploymentPostprocessing = 0;
		};
/* End PBXFrameworksBuildPhase section */

/* Begin PBXGroup section */
		2512D3021701D7EF00EDB19D /* bin */ = {
			isa = PBXGroup;
			children = (
				2512D3031701D7EF00EDB19D /* main */,
			);
			path = bin;
			sourceTree = SOURCE_ROOT;
		};
		2512D3041701D7EF00EDB19D /* data */ = {
			isa = PBXGroup;
			children = (
			);
			path = data;
			sourceTree = SOURCE_ROOT;
		};
		2512D3051701D7EF00EDB19D /* doc */ = {
			isa = PBXGroup;
			children = (
			);
			path = doc;
			sourceTree = SOURCE_ROOT;
		};
		2512D3061701D7EF00EDB19D /* src */ = {
			isa = PBXGroup;
			children = (
				2512D3071701D7EF00EDB19D /* affichage.h */,
				2512D3081701D7EF00EDB19D /* case_terrain_combat.c */,
				2512D3091701D7EF00EDB19D /* case_terrain_combat.h */,
				2512D30A1701D7EF00EDB19D /* case_terrain_espace.c */,
				2512D30B1701D7EF00EDB19D /* case_terrain_espace.h */,
				2512D30C1701D7EF00EDB19D /* flotte.c */,
				2512D30D1701D7EF00EDB19D /* flotte.h */,
				2512D30E1701D7EF00EDB19D /* main.c */,
				2512D30F1701D7EF00EDB19D /* makefile */,
				2512D3101701D7EF00EDB19D /* niveau.c */,
				2512D3111701D7EF00EDB19D /* niveau.h */,
				2512D3121701D7EF00EDB19D /* planete.c */,
				2512D3131701D7EF00EDB19D /* planete.h */,
				2512D3141701D7EF00EDB19D /* sauvegarde.c */,
				2512D3151701D7EF00EDB19D /* sauvegarde.h */,
				2512D3161701D7EF00EDB19D /* terrain_combat.c */,
				2512D3171701D7EF00EDB19D /* terrain_combat.h */,
				2512D3181701D7EF00EDB19D /* terrain_espace.c */,
				2512D3191701D7EF00EDB19D /* terrain_espace.h */,
				2512D31A1701D7EF00EDB19D /* unite.c */,
				2512D31B1701D7EF00EDB19D /* unite.h */,
			);
			path = src;
			sourceTree = SOURCE_ROOT;
		};
		25C5CDC61701D5B000AA780C = {
			isa = PBXGroup;
			children = (
				25C5CDD11701D5B000AA780C /* LIF7 */,
				25C5CDD01701D5B000AA780C /* Products */,
			);
			sourceTree = "<group>";
		};
		25C5CDD01701D5B000AA780C /* Products */ = {
			isa = PBXGroup;
			children = (
				25C5CDCF1701D5B000AA780C /* LIF7 */,
			);
			name = Products;
			sourceTree = "<group>";
		};
		25C5CDD11701D5B000AA780C /* LIF7 */ = {
			isa = PBXGroup;
			children = (
				25F6B3E81701E01B002A8072 /* Graphics */,
				2512D3021701D7EF00EDB19D /* bin */,
				2512D3041701D7EF00EDB19D /* data */,
				2512D3051701D7EF00EDB19D /* doc */,
				2512D3061701D7EF00EDB19D /* src */,
			);
			path = LIF7;
			sourceTree = "<group>";
		};
		25F6B3E81701E01B002A8072 /* Graphics */ = {
			isa = PBXGroup;
			children = (
				25F6B3E91701E01B002A8072 /* 1.png */,
				25F6B3EA1701E01B002A8072 /* 2.png */,
				25F6B3EB1701E01B002A8072 /* 3.png */,
				25F6B3EC1701E01B002A8072 /* vaisseau bleu.png */,
				25F6B3ED1701E01B002A8072 /* vaisseau rouge.png */,
				25F6B3EE1701E01B002A8072 /* vaisseau vert.png */,
			);
			path = Graphics;
			sourceTree = SOURCE_ROOT;
		};
/* End PBXGroup section */

/* Begin PBXNativeTarget section */
		25C5CDCE1701D5B000AA780C /* LIF7 */ = {
			isa = PBXNativeTarget;
			buildConfigurationList = 25C5CDD81701D5B000AA780C /* Build configuration list for PBXNativeTarget "LIF7" */;
			buildPhases = (
				25C5CDCB1701D5B000AA780C /* Sources */,
				25C5CDCC1701D5B000AA780C /* Frameworks */,
				25C5CDCD1701D5B000AA780C /* CopyFiles */,
			);
			buildRules = (
			);
			dependencies = (
			);
			name = LIF7;
			productName = LIF7;
			productReference = 25C5CDCF1701D5B000AA780C /* LIF7 */;
			productType = "com.apple.product-type.tool";
		};
/* End PBXNativeTarget section */

/* Begin PBXProject section */
		25C5CDC71701D5B000AA780C /* Project object */ = {
			isa = PBXProject;
			attributes = {
				LastUpgradeCheck = 0460;
				ORGANIZATIONNAME = "Benoit Vuillemin";
			};
			buildConfigurationList = 25C5CDCA1701D5B000AA780C /* Build configuration list for PBXProject "LIF7" */;
			compatibilityVersion = "Xcode 3.2";
			developmentRegion = English;
			hasScannedForEncodings = 0;
			knownRegions = (
				en,
			);
			mainGroup = 25C5CDC61701D5B000AA780C;
			productRefGroup = 25C5CDD01701D5B000AA780C /* Products */;
			projectDirPath = "";
			projectRoot = "";
			targets = (
				25C5CDCE1701D5B000AA780C /* LIF7 */,
			);
		};
/* End PBXProject section */

/* Begin PBXSourcesBuildPhase section */
		25C5CDCB1701D5B000AA780C /* Sources */ = {
			isa = PBXSourcesBuildPhase;
			buildActionMask = 2147483647;
			files = (
				2512D31C1701D7EF00EDB19D /* case_terrain_combat.c in Sources */,
				2512D31D1701D7EF00EDB19D /* case_terrain_espace.c in Sources */,
				2512D31E1701D7EF00EDB19D /* flotte.c in Sources */,
				2512D31F1701D7EF00EDB19D /* main.c in Sources */,
				2512D3201701D7EF00EDB19D /* makefile in Sources */,
				2512D3211701D7EF00EDB19D /* niveau.c in Sources */,
				2512D3221701D7EF00EDB19D /* planete.c in Sources */,
				2512D3231701D7EF00EDB19D /* sauvegarde.c in Sources */,
				2512D3241701D7EF00EDB19D /* terrain_combat.c in Sources */,
				2512D3251701D7EF00EDB19D /* terrain_espace.c in Sources */,
				2512D3261701D7EF00EDB19D /* unite.c in Sources */,
			);
			runOnlyForDeploymentPostprocessing = 0;
		};
/* End PBXSourcesBuildPhase section */

/* Begin XCBuildConfiguration section */
		25C5CDD61701D5B000AA780C /* Debug */ = {
			isa = XCBuildConfiguration;
			buildSettings = {
				ALWAYS_SEARCH_USER_PATHS = NO;
				ARCHS = "$(ARCHS_STANDARD_64_BIT)";
				CLANG_CXX_LANGUAGE_STANDARD = "gnu++0x";
				CLANG_CXX_LIBRARY = "libc++";
				CLANG_ENABLE_OBJC_ARC = YES;
				CLANG_WARN_CONSTANT_CONVERSION = YES;
				CLANG_WARN_EMPTY_BODY = YES;
				CLANG_WARN_ENUM_CONVERSION = YES;
				CLANG_WARN_INT_CONVERSION = YES;
				CLANG_WARN__DUPLICATE_METHOD_MATCH = YES;
				COPY_PHASE_STRIP = NO;
				GCC_C_LANGUAGE_STANDARD = gnu99;
				GCC_DYNAMIC_NO_PIC = NO;
				GCC_ENABLE_OBJC_EXCEPTIONS = YES;
				GCC_OPTIMIZATION_LEVEL = 0;
				GCC_PREPROCESSOR_DEFINITIONS = (
					"DEBUG=1",
					"$(inherited)",
				);
				GCC_SYMBOLS_PRIVATE_EXTERN = NO;
				GCC_WARN_64_TO_32_BIT_CONVERSION = YES;
				GCC_WARN_ABOUT_RETURN_TYPE = YES;
				GCC_WARN_UNINITIALIZED_AUTOS = YES;
				GCC_WARN_UNUSED_VARIABLE = YES;
				MACOSX_DEPLOYMENT_TARGET = 10.8;
				ONLY_ACTIVE_ARCH = YES;
				SDKROOT = macosx;
			};
			name = Debug;
		};
		25C5CDD71701D5B000AA780C /* Release */ = {
			isa = XCBuildConfiguration;
			buildSettings = {
				ALWAYS_SEARCH_USER_PATHS = NO;
				ARCHS = "$(ARCHS_STANDARD_64_BIT)";
				CLANG_CXX_LANGUAGE_STANDARD = "gnu++0x";
				CLANG_CXX_LIBRARY = "libc++";
				CLANG_ENABLE_OBJC_ARC = YES;
				CLANG_WARN_CONSTANT_CONVERSION = YES;
				CLANG_WARN_EMPTY_BODY = YES;
				CLANG_WARN_ENUM_CONVERSION = YES;
				CLANG_WARN_INT_CONVERSION = YES;
				CLANG_WARN__DUPLICATE_METHOD_MATCH = YES;
				COPY_PHASE_STRIP = YES;
				DEBUG_INFORMATION_FORMAT = "dwarf-with-dsym";
				GCC_C_LANGUAGE_STANDARD = gnu99;
				GCC_ENABLE_OBJC_EXCEPTIONS = YES;
				GCC_WARN_64_TO_32_BIT_CONVERSION = YES;
				GCC_WARN_ABOUT_RETURN_TYPE = YES;
				GCC_WARN_UNINITIALIZED_AUTOS = YES;
				GCC_WARN_UNUSED_VARIABLE = YES;
				MACOSX_DEPLOYMENT_TARGET = 10.8;
				SDKROOT = macosx;
			};
			name = Release;
		};
		25C5CDD91701D5B000AA780C /* Debug */ = {
			isa = XCBuildConfiguration;
			buildSettings = {
				PRODUCT_NAME = "$(TARGET_NAME)";
			};
			name = Debug;
		};
		25C5CDDA1701D5B000AA780C /* Release */ = {
			isa = XCBuildConfiguration;
			buildSettings = {
				PRODUCT_NAME = "$(TARGET_NAME)";
			};
			name = Release;
		};
/* End XCBuildConfiguration section */

/* Begin XCConfigurationList section */
		25C5CDCA1701D5B000AA780C /* Build configuration list for PBXProject "LIF7" */ = {
			isa = XCConfigurationList;
			buildConfigurations = (
				25C5CDD61701D5B000AA780C /* Debug */,
				25C5CDD71701D5B000AA780C /* Release */,
			);
			defaultConfigurationIsVisible = 0;
			defaultConfigurationName = Release;
		};
		25C5CDD81701D5B000AA780C /* Build configuration list for PBXNativeTarget "LIF7" */ = {
			isa = XCConfigurationList;
			buildConfigurations = (
				25C5CDD91701D5B000AA780C /* Debug */,
				25C5CDDA1701D5B000AA780C /* Release */,
			);
			defaultConfigurationIsVisible = 0;
			defaultConfigurationName = Release;
		};
/* End XCConfigurationList section */
	};
	rootObject = 25C5CDC71701D5B000AA780C /* Project object */;
}
